
Microsoft Visual Studio Solution File, Format Version 12.00
# Visual Studio Version 17
VisualStudioVersion = 17.11.35312.102
MinimumVisualStudioVersion = 10.0.40219.1
Project("{FAE04EC0-301F-11D3-BF4B-00C04F79EFBC}") = "APIRM.Server", "Server\APIRM.Server.csproj", "{4B02C672-2C40-42CD-89FA-2D6A09551C05}"
EndProject
Project("{FAE04EC0-301F-11D3-BF4B-00C04F79EFBC}") = "APIRM.Client", "Client\APIRM.Client.csproj", "{5992C1CF-75EF-4CAB-8DBC-460A7A6474D2}"
EndProject
Project("{FAE04EC0-301F-11D3-BF4B-00C04F79EFBC}") = "APIRM.Shared", "Shared\APIRM.Shared.csproj", "{E627F0BA-49A6-47C4-B999-3309F443D5D6}"
EndProject
Global
	GlobalSection(SolutionConfigurationPlatforms) = preSolution
		Debug|Any CPU = Debug|Any CPU
		Release|Any CPU = Release|Any CPU
	EndGlobalSection
	GlobalSection(ProjectConfigurationPlatforms) = postSolution
		{4B02C672-2C40-42CD-89FA-2D6A09551C05}.Debug|Any CPU.ActiveCfg = Debug|Any CPU
		{4B02C672-2C40-42CD-89FA-2D6A09551C05}.Debug|Any CPU.Build.0 = Debug|Any CPU
		{4B02C672-2C40-42CD-89FA-2D6A09551C05}.Release|Any CPU.ActiveCfg = Release|Any CPU
		{4B02C672-2C40-42CD-89FA-2D6A09551C05}.Release|Any CPU.Build.0 = Release|Any CPU
		{5992C1CF-75EF-4CAB-8DBC-460A7A6474D2}.Debug|Any CPU.ActiveCfg = Debug|Any CPU
		{5992C1CF-75EF-4CAB-8DBC-460A7A6474D2}.Debug|Any CPU.Build.0 = Debug|Any CPU
		{5992C1CF-75EF-4CAB-8DBC-460A7A6474D2}.Release|Any CPU.ActiveCfg = Release|Any CPU
		{5992C1CF-75EF-4CAB-8DBC-460A7A6474D2}.Release|Any CPU.Build.0 = Release|Any CPU
		{E627F0BA-49A6-47C4-B999-3309F443D5D6}.Debug|Any CPU.ActiveCfg = Debug|Any CPU
		{E627F0BA-49A6-47C4-B999-3309F443D5D6}.Debug|Any CPU.Build.0 = Debug|Any CPU
		{E627F0BA-49A6-47C4-B999-3309F443D5D6}.Release|Any CPU.ActiveCfg = Release|Any CPU
		{E627F0BA-49A6-47C4-B999-3309F443D5D6}.Release|Any CPU.Build.0 = Release|Any CPU
	EndGlobalSection
	GlobalSection(SolutionProperties) = preSolution
		HideSolutionNode = FALSE
	EndGlobalSection
	GlobalSection(ExtensibilityGlobals) = postSolution
		SolutionGuid = {B3859A35-1CB5-4433-8216-88830461BF9E}
	EndGlobalSection
EndGlobal
